
Microsoft Visual Studio Solution File, Format Version 12.00
Project("{FAE04EC0-301F-11D3-BF4B-00C04F79EFBC}") = "Sudoku", "Sudoku\Sudoku.csproj", "{ADB2CD08-8329-4E75-808E-A15FB59054AE}"
EndProject
Global
	GlobalSection(SolutionConfigurationPlatforms) = preSolution
		Debug|Any CPU = Debug|Any CPU
		Release|Any CPU = Release|Any CPU
	EndGlobalSection
	GlobalSection(ProjectConfigurationPlatforms) = postSolution
		{ADB2CD08-8329-4E75-808E-A15FB59054AE}.Debug|Any CPU.ActiveCfg = Debug|Any CPU
		{ADB2CD08-8329-4E75-808E-A15FB59054AE}.Debug|Any CPU.Build.0 = Debug|Any CPU
		{ADB2CD08-8329-4E75-808E-A15FB59054AE}.Release|Any CPU.ActiveCfg = Release|Any CPU
		{ADB2CD08-8329-4E75-808E-A15FB59054AE}.Release|Any CPU.Build.0 = Release|Any CPU
	EndGlobalSection
EndGlobal
